
Microsoft Visual Studio Solution File, Format Version 12.00
# Visual Studio 15
VisualStudioVersion = 15.0.27004.2010
MinimumVisualStudioVersion = 10.0.40219.1
Project("{FAE04EC0-301F-11D3-BF4B-00C04F79EFBC}") = "Angular5TF1", "Angular5TF1\Angular5TF1.csproj", "{283A7799-EBEE-4E56-9CA0-BC28A63020EE}"
EndProject
Global
	GlobalSection(SolutionConfigurationPlatforms) = preSolution
		Debug|Any CPU = Debug|Any CPU
		Release|Any CPU = Release|Any CPU
	EndGlobalSection
	GlobalSection(ProjectConfigurationPlatforms) = postSolution
		{283A7799-EBEE-4E56-9CA0-BC28A63020EE}.Debug|Any CPU.ActiveCfg = Debug|Any CPU
		{283A7799-EBEE-4E56-9CA0-BC28A63020EE}.Debug|Any CPU.Build.0 = Debug|Any CPU
		{283A7799-EBEE-4E56-9CA0-BC28A63020EE}.Release|Any CPU.ActiveCfg = Release|Any CPU
		{283A7799-EBEE-4E56-9CA0-BC28A63020EE}.Release|Any CPU.Build.0 = Release|Any CPU
	EndGlobalSection
	GlobalSection(SolutionProperties) = preSolution
		HideSolutionNode = FALSE
	EndGlobalSection
	GlobalSection(ExtensibilityGlobals) = postSolution
		SolutionGuid = {FE3D4FFA-4B4F-49A8-A4AD-72778B1CB056}
	EndGlobalSection
EndGlobal
